// !$*UTF8*$!
{
	archiveVersion = 1;
	classes = {
	};
	objectVersion = 52;
	objects = {

/* Begin PBXBuildFile section */
		E518B19F257AC79D0027B575 /* NetflixApp.swift in Sources */ = {isa = PBXBuildFile; fileRef = E518B18C257AC7980027B575 /* NetflixApp.swift */; };
		E518B1A0257AC79D0027B575 /* NetflixApp.swift in Sources */ = {isa = PBXBuildFile; fileRef = E518B18C257AC7980027B575 /* NetflixApp.swift */; };
		E518B1A1257AC79D0027B575 /* ContentView.swift in Sources */ = {isa = PBXBuildFile; fileRef = E518B18D257AC7980027B575 /* ContentView.swift */; };
		E518B1A2257AC79D0027B575 /* ContentView.swift in Sources */ = {isa = PBXBuildFile; fileRef = E518B18D257AC7980027B575 /* ContentView.swift */; };
		E518B1A3257AC79D0027B575 /* Assets.xcassets in Resources */ = {isa = PBXBuildFile; fileRef = E518B18E257AC79D0027B575 /* Assets.xcassets */; };
		E518B1A4257AC79D0027B575 /* Assets.xcassets in Resources */ = {isa = PBXBuildFile; fileRef = E518B18E257AC79D0027B575 /* Assets.xcassets */; };
		E518B1B0257BAB580027B575 /* HomeView.swift in Sources */ = {isa = PBXBuildFile; fileRef = E518B1AF257BAB580027B575 /* HomeView.swift */; };
		E518B1B1257BAB580027B575 /* HomeView.swift in Sources */ = {isa = PBXBuildFile; fileRef = E518B1AF257BAB580027B575 /* HomeView.swift */; };
		E532861725A1FFF200FC1E3F /* HomeStack.swift in Sources */ = {isa = PBXBuildFile; fileRef = E532861625A1FFF200FC1E3F /* HomeStack.swift */; };
		E539B1E325928BAC00F6E8C0 /* EpisodeView.swift in Sources */ = {isa = PBXBuildFile; fileRef = E539B1E225928BAC00F6E8C0 /* EpisodeView.swift */; };
		E539EA73257BC8B80011B0E5 /* KingfisherSwiftUI in Frameworks */ = {isa = PBXBuildFile; productRef = E539EA72257BC8B80011B0E5 /* KingfisherSwiftUI */; };
		E582973E2584DB2F0071E066 /* MovieDetailsView.swift in Sources */ = {isa = PBXBuildFile; fileRef = E582973D2584DB2F0071E066 /* MovieDetailsView.swift */; };
		E58297442584E3000071E066 /* Episode.swift in Sources */ = {isa = PBXBuildFile; fileRef = E58297432584E3000071E066 /* Episode.swift */; };
		E5829754258522CD0071E066 /* CustomTabSwitcher.swift in Sources */ = {isa = PBXBuildFile; fileRef = E5829753258522CD0071E066 /* CustomTabSwitcher.swift */; };
		E5BEE48C2589E43500D27D69 /* MoreLikeThisView.swift in Sources */ = {isa = PBXBuildFile; fileRef = E5BEE48B2589E43500D27D69 /* MoreLikeThisView.swift */; };
		E5BEE4922589EE4200D27D69 /* Trailer.swift in Sources */ = {isa = PBXBuildFile; fileRef = E5BEE4912589EE4200D27D69 /* Trailer.swift */; };
		E5BEE4982589EF6500D27D69 /* VideoUIView.swift in Sources */ = {isa = PBXBuildFile; fileRef = E5BEE4972589EF6500D27D69 /* VideoUIView.swift */; };
		E5BEE49C2589F21800D27D69 /* VideoPreviewImage.swift in Sources */ = {isa = PBXBuildFile; fileRef = E5BEE49B2589F21800D27D69 /* VideoPreviewImage.swift */; };
		E5BEE4A1258A044400D27D69 /* TrailerListView.swift in Sources */ = {isa = PBXBuildFile; fileRef = E5BEE4A0258A044400D27D69 /* TrailerListView.swift */; };
		E5D1B0FD2583B76800FF8C30 /* Movie.swift in Sources */ = {isa = PBXBuildFile; fileRef = E5D1B0FC2583B76800FF8C30 /* Movie.swift */; };
		E5D1B1012583B7F800FF8C30 /* StandardHomeMovie.swift in Sources */ = {isa = PBXBuildFile; fileRef = E5D1B1002583B7F800FF8C30 /* StandardHomeMovie.swift */; };
		E5D1B1052583B80F00FF8C30 /* GlobalHelpers.swift in Sources */ = {isa = PBXBuildFile; fileRef = E5D1B1042583B80F00FF8C30 /* GlobalHelpers.swift */; };
		E5D1B1092583BB8000FF8C30 /* HomeViewModel.swift in Sources */ = {isa = PBXBuildFile; fileRef = E5D1B1082583BB8000FF8C30 /* HomeViewModel.swift */; };
		E5D1B10D2583DA5100FF8C30 /* TopMoviePreview.swift in Sources */ = {isa = PBXBuildFile; fileRef = E5D1B10C2583DA5100FF8C30 /* TopMoviePreview.swift */; };
		E5D1B1112583E4E900FF8C30 /* SmallVerticalButton.swift in Sources */ = {isa = PBXBuildFile; fileRef = E5D1B1102583E4E900FF8C30 /* SmallVerticalButton.swift */; };
		E5D1B1152583F25700FF8C30 /* PlayButton.swift in Sources */ = {isa = PBXBuildFile; fileRef = E5D1B1142583F25700FF8C30 /* PlayButton.swift */; };
/* End PBXBuildFile section */

/* Begin PBXFileReference section */
		E518B18C257AC7980027B575 /* NetflixApp.swift */ = {isa = PBXFileReference; lastKnownFileType = sourcecode.swift; path = NetflixApp.swift; sourceTree = "<group>"; };
		E518B18D257AC7980027B575 /* ContentView.swift */ = {isa = PBXFileReference; lastKnownFileType = sourcecode.swift; path = ContentView.swift; sourceTree = "<group>"; };
		E518B18E257AC79D0027B575 /* Assets.xcassets */ = {isa = PBXFileReference; lastKnownFileType = folder.assetcatalog; path = Assets.xcassets; sourceTree = "<group>"; };
		E518B193257AC79D0027B575 /* Netflix.app */ = {isa = PBXFileReference; explicitFileType = wrapper.application; includeInIndex = 0; path = Netflix.app; sourceTree = BUILT_PRODUCTS_DIR; };
		E518B196257AC79D0027B575 /* Info.plist */ = {isa = PBXFileReference; lastKnownFileType = text.plist.xml; path = Info.plist; sourceTree = "<group>"; };
		E518B19B257AC79D0027B575 /* Netflix.app */ = {isa = PBXFileReference; explicitFileType = wrapper.application; includeInIndex = 0; path = Netflix.app; sourceTree = BUILT_PRODUCTS_DIR; };
		E518B19D257AC79D0027B575 /* Info.plist */ = {isa = PBXFileReference; lastKnownFileType = text.plist.xml; path = Info.plist; sourceTree = "<group>"; };
		E518B19E257AC79D0027B575 /* macOS.entitlements */ = {isa = PBXFileReference; lastKnownFileType = text.plist.entitlements; path = macOS.entitlements; sourceTree = "<group>"; };
		E518B1AF257BAB580027B575 /* HomeView.swift */ = {isa = PBXFileReference; lastKnownFileType = sourcecode.swift; path = HomeView.swift; sourceTree = "<group>"; };
		E532861625A1FFF200FC1E3F /* HomeStack.swift */ = {isa = PBXFileReference; lastKnownFileType = sourcecode.swift; path = HomeStack.swift; sourceTree = "<group>"; };
		E539B1E225928BAC00F6E8C0 /* EpisodeView.swift */ = {isa = PBXFileReference; lastKnownFileType = sourcecode.swift; path = EpisodeView.swift; sourceTree = "<group>"; };
		E582973D2584DB2F0071E066 /* MovieDetailsView.swift */ = {isa = PBXFileReference; lastKnownFileType = sourcecode.swift; path = MovieDetailsView.swift; sourceTree = "<group>"; };
		E58297432584E3000071E066 /* Episode.swift */ = {isa = PBXFileReference; lastKnownFileType = sourcecode.swift; path = Episode.swift; sourceTree = "<group>"; };
		E5829753258522CD0071E066 /* CustomTabSwitcher.swift */ = {isa = PBXFileReference; lastKnownFileType = sourcecode.swift; path = CustomTabSwitcher.swift; sourceTree = "<group>"; };
		E5BEE48B2589E43500D27D69 /* MoreLikeThisView.swift */ = {isa = PBXFileReference; lastKnownFileType = sourcecode.swift; path = MoreLikeThisView.swift; sourceTree = "<group>"; };
		E5BEE4912589EE4200D27D69 /* Trailer.swift */ = {isa = PBXFileReference; lastKnownFileType = sourcecode.swift; path = Trailer.swift; sourceTree = "<group>"; };
		E5BEE4972589EF6500D27D69 /* VideoUIView.swift */ = {isa = PBXFileReference; lastKnownFileType = sourcecode.swift; path = VideoUIView.swift; sourceTree = "<group>"; };
		E5BEE49B2589F21800D27D69 /* VideoPreviewImage.swift */ = {isa = PBXFileReference; lastKnownFileType = sourcecode.swift; path = VideoPreviewImage.swift; sourceTree = "<group>"; };
		E5BEE4A0258A044400D27D69 /* TrailerListView.swift */ = {isa = PBXFileReference; lastKnownFileType = sourcecode.swift; path = TrailerListView.swift; sourceTree = "<group>"; };
		E5D1B0FC2583B76800FF8C30 /* Movie.swift */ = {isa = PBXFileReference; lastKnownFileType = sourcecode.swift; path = Movie.swift; sourceTree = "<group>"; };
		E5D1B1002583B7F800FF8C30 /* StandardHomeMovie.swift */ = {isa = PBXFileReference; lastKnownFileType = sourcecode.swift; path = StandardHomeMovie.swift; sourceTree = "<group>"; };
		E5D1B1042583B80F00FF8C30 /* GlobalHelpers.swift */ = {isa = PBXFileReference; lastKnownFileType = sourcecode.swift; path = GlobalHelpers.swift; sourceTree = "<group>"; };
		E5D1B1082583BB8000FF8C30 /* HomeViewModel.swift */ = {isa = PBXFileReference; lastKnownFileType = sourcecode.swift; path = HomeViewModel.swift; sourceTree = "<group>"; };
		E5D1B10C2583DA5100FF8C30 /* TopMoviePreview.swift */ = {isa = PBXFileReference; lastKnownFileType = sourcecode.swift; path = TopMoviePreview.swift; sourceTree = "<group>"; };
		E5D1B1102583E4E900FF8C30 /* SmallVerticalButton.swift */ = {isa = PBXFileReference; lastKnownFileType = sourcecode.swift; path = SmallVerticalButton.swift; sourceTree = "<group>"; };
		E5D1B1142583F25700FF8C30 /* PlayButton.swift */ = {isa = PBXFileReference; lastKnownFileType = sourcecode.swift; path = PlayButton.swift; sourceTree = "<group>"; };
/* End PBXFileReference section */

/* Begin PBXFrameworksBuildPhase section */
		E518B190257AC79D0027B575 /* Frameworks */ = {
			isa = PBXFrameworksBuildPhase;
			buildActionMask = 2147483647;
			files = (
				E539EA73257BC8B80011B0E5 /* KingfisherSwiftUI in Frameworks */,
			);
			runOnlyForDeploymentPostprocessing = 0;
		};
		E518B198257AC79D0027B575 /* Frameworks */ = {
			isa = PBXFrameworksBuildPhase;
			buildActionMask = 2147483647;
			files = (
			);
			runOnlyForDeploymentPostprocessing = 0;
		};
/* End PBXFrameworksBuildPhase section */

/* Begin PBXGroup section */
		E518B186257AC7980027B575 = {
			isa = PBXGroup;
			children = (
				E518B18B257AC7980027B575 /* Shared */,
				E518B195257AC79D0027B575 /* iOS */,
				E518B19C257AC79D0027B575 /* macOS */,
				E518B194257AC79D0027B575 /* Products */,
			);
			sourceTree = "<group>";
		};
		E518B18B257AC7980027B575 /* Shared */ = {
			isa = PBXGroup;
			children = (
				E518B18C257AC7980027B575 /* NetflixApp.swift */,
				E518B18D257AC7980027B575 /* ContentView.swift */,
				E518B18E257AC79D0027B575 /* Assets.xcassets */,
			);
			path = Shared;
			sourceTree = "<group>";
		};
		E518B194257AC79D0027B575 /* Products */ = {
			isa = PBXGroup;
			children = (
				E518B193257AC79D0027B575 /* Netflix.app */,
				E518B19B257AC79D0027B575 /* Netflix.app */,
			);
			name = Products;
			sourceTree = "<group>";
		};
		E518B195257AC79D0027B575 /* iOS */ = {
			isa = PBXGroup;
			children = (
				E518B196257AC79D0027B575 /* Info.plist */,
				E58297342584D41C0071E066 /* Home */,
				E582973C2584DB030071E066 /* MovieDetails */,
				E58297352584D42B0071E066 /* Model */,
				E58297372584D44C0071E066 /* HelperViews */,
				E58297362584D43C0071E066 /* Helpers */,
			);
			path = iOS;
			sourceTree = "<group>";
		};
		E518B19C257AC79D0027B575 /* macOS */ = {
			isa = PBXGroup;
			children = (
				E518B19D257AC79D0027B575 /* Info.plist */,
				E518B19E257AC79D0027B575 /* macOS.entitlements */,
			);
			path = macOS;
			sourceTree = "<group>";
		};
		E532861125A1E19200FC1E3F /* Episode */ = {
			isa = PBXGroup;
			children = (
				E539B1E225928BAC00F6E8C0 /* EpisodeView.swift */,
			);
			path = Episode;
			sourceTree = "<group>";
		};
		E58297342584D41C0071E066 /* Home */ = {
			isa = PBXGroup;
			children = (
				E518B1AF257BAB580027B575 /* HomeView.swift */,
				E5D1B1082583BB8000FF8C30 /* HomeViewModel.swift */,
				E532861625A1FFF200FC1E3F /* HomeStack.swift */,
			);
			path = Home;
			sourceTree = "<group>";
		};
		E58297352584D42B0071E066 /* Model */ = {
			isa = PBXGroup;
			children = (
				E5D1B0FC2583B76800FF8C30 /* Movie.swift */,
				E58297432584E3000071E066 /* Episode.swift */,
				E5BEE4912589EE4200D27D69 /* Trailer.swift */,
			);
			path = Model;
			sourceTree = "<group>";
		};
		E58297362584D43C0071E066 /* Helpers */ = {
			isa = PBXGroup;
			children = (
				E5D1B1042583B80F00FF8C30 /* GlobalHelpers.swift */,
			);
			path = Helpers;
			sourceTree = "<group>";
		};
		E58297372584D44C0071E066 /* HelperViews */ = {
			isa = PBXGroup;
			children = (
				E5D1B1002583B7F800FF8C30 /* StandardHomeMovie.swift */,
				E5D1B10C2583DA5100FF8C30 /* TopMoviePreview.swift */,
				E5D1B1102583E4E900FF8C30 /* SmallVerticalButton.swift */,
				E5D1B1142583F25700FF8C30 /* PlayButton.swift */,
				E5829753258522CD0071E066 /* CustomTabSwitcher.swift */,
				E5BEE4972589EF6500D27D69 /* VideoUIView.swift */,
				E5BEE49B2589F21800D27D69 /* VideoPreviewImage.swift */,
			);
			path = HelperViews;
			sourceTree = "<group>";
		};
		E582973C2584DB030071E066 /* MovieDetails */ = {
			isa = PBXGroup;
			children = (
				E582973D2584DB2F0071E066 /* MovieDetailsView.swift */,
				E5BEE49F258A041D00D27D69 /* TrailerList */,
				E5BEE48A2589E41100D27D69 /* MoreLikeThis */,
				E532861125A1E19200FC1E3F /* Episode */,
			);
			path = MovieDetails;
			sourceTree = "<group>";
		};
		E5BEE48A2589E41100D27D69 /* MoreLikeThis */ = {
			isa = PBXGroup;
			children = (
				E5BEE48B2589E43500D27D69 /* MoreLikeThisView.swift */,
			);
			path = MoreLikeThis;
			sourceTree = "<group>";
		};
		E5BEE49F258A041D00D27D69 /* TrailerList */ = {
			isa = PBXGroup;
			children = (
				E5BEE4A0258A044400D27D69 /* TrailerListView.swift */,
			);
			path = TrailerList;
			sourceTree = "<group>";
		};
/* End PBXGroup section */

/* Begin PBXNativeTarget section */
		E518B192257AC79D0027B575 /* Netflix (iOS) */ = {
			isa = PBXNativeTarget;
			buildConfigurationList = E518B1A7257AC79D0027B575 /* Build configuration list for PBXNativeTarget "Netflix (iOS)" */;
			buildPhases = (
				E518B18F257AC79D0027B575 /* Sources */,
				E518B190257AC79D0027B575 /* Frameworks */,
				E518B191257AC79D0027B575 /* Resources */,
			);
			buildRules = (
			);
			dependencies = (
			);
			name = "Netflix (iOS)";
			packageProductDependencies = (
				E539EA72257BC8B80011B0E5 /* KingfisherSwiftUI */,
			);
			productName = "Netflix (iOS)";
			productReference = E518B193257AC79D0027B575 /* Netflix.app */;
			productType = "com.apple.product-type.application";
		};
		E518B19A257AC79D0027B575 /* Netflix (macOS) */ = {
			isa = PBXNativeTarget;
			buildConfigurationList = E518B1AA257AC79D0027B575 /* Build configuration list for PBXNativeTarget "Netflix (macOS)" */;
			buildPhases = (
				E518B197257AC79D0027B575 /* Sources */,
				E518B198257AC79D0027B575 /* Frameworks */,
				E518B199257AC79D0027B575 /* Resources */,
			);
			buildRules = (
			);
			dependencies = (
			);
			name = "Netflix (macOS)";
			productName = "Netflix (macOS)";
			productReference = E518B19B257AC79D0027B575 /* Netflix.app */;
			productType = "com.apple.product-type.application";
		};
/* End PBXNativeTarget section */

/* Begin PBXProject section */
		E518B187257AC7980027B575 /* Project object */ = {
			isa = PBXProject;
			attributes = {
				LastSwiftUpdateCheck = 1220;
				LastUpgradeCheck = 1230;
				TargetAttributes = {
					E518B192257AC79D0027B575 = {
						CreatedOnToolsVersion = 12.2;
					};
					E518B19A257AC79D0027B575 = {
						CreatedOnToolsVersion = 12.2;
					};
				};
			};
			buildConfigurationList = E518B18A257AC7980027B575 /* Build configuration list for PBXProject "Netflix" */;
			compatibilityVersion = "Xcode 10.0";
			developmentRegion = en;
			hasScannedForEncodings = 0;
			knownRegions = (
				en,
				Base,
			);
			mainGroup = E518B186257AC7980027B575;
			packageReferences = (
				E539EA71257BC8B80011B0E5 /* XCRemoteSwiftPackageReference "Kingfisher" */,
			);
			productRefGroup = E518B194257AC79D0027B575 /* Products */;
			projectDirPath = "";
			projectRoot = "";
			targets = (
				E518B192257AC79D0027B575 /* Netflix (iOS) */,
				E518B19A257AC79D0027B575 /* Netflix (macOS) */,
			);
		};
/* End PBXProject section */

/* Begin PBXResourcesBuildPhase section */
		E518B191257AC79D0027B575 /* Resources */ = {
			isa = PBXResourcesBuildPhase;
			buildActionMask = 2147483647;
			files = (
				E518B1A3257AC79D0027B575 /* Assets.xcassets in Resources */,
			);
			runOnlyForDeploymentPostprocessing = 0;
		};
		E518B199257AC79D0027B575 /* Resources */ = {
			isa = PBXResourcesBuildPhase;
			buildActionMask = 2147483647;
			files = (
				E518B1A4257AC79D0027B575 /* Assets.xcassets in Resources */,
			);
			runOnlyForDeploymentPostprocessing = 0;
		};
/* End PBXResourcesBuildPhase section */

/* Begin PBXSourcesBuildPhase section */
		E518B18F257AC79D0027B575 /* Sources */ = {
			isa = PBXSourcesBuildPhase;
			buildActionMask = 2147483647;
			files = (
				E5D1B1052583B80F00FF8C30 /* GlobalHelpers.swift in Sources */,
				E5BEE4922589EE4200D27D69 /* Trailer.swift in Sources */,
				E5BEE4A1258A044400D27D69 /* TrailerListView.swift in Sources */,
				E58297442584E3000071E066 /* Episode.swift in Sources */,
				E518B1B0257BAB580027B575 /* HomeView.swift in Sources */,
				E582973E2584DB2F0071E066 /* MovieDetailsView.swift in Sources */,
				E5BEE49C2589F21800D27D69 /* VideoPreviewImage.swift in Sources */,
				E5BEE48C2589E43500D27D69 /* MoreLikeThisView.swift in Sources */,
				E5D1B1092583BB8000FF8C30 /* HomeViewModel.swift in Sources */,
				E539B1E325928BAC00F6E8C0 /* EpisodeView.swift in Sources */,
				E518B1A1257AC79D0027B575 /* ContentView.swift in Sources */,
				E5D1B1012583B7F800FF8C30 /* StandardHomeMovie.swift in Sources */,
				E5D1B10D2583DA5100FF8C30 /* TopMoviePreview.swift in Sources */,
				E532861725A1FFF200FC1E3F /* HomeStack.swift in Sources */,
				E5D1B0FD2583B76800FF8C30 /* Movie.swift in Sources */,
				E5829754258522CD0071E066 /* CustomTabSwitcher.swift in Sources */,
				E5BEE4982589EF6500D27D69 /* VideoUIView.swift in Sources */,
				E518B19F257AC79D0027B575 /* NetflixApp.swift in Sources */,
				E5D1B1112583E4E900FF8C30 /* SmallVerticalButton.swift in Sources */,
				E5D1B1152583F25700FF8C30 /* PlayButton.swift in Sources */,
			);
			runOnlyForDeploymentPostprocessing = 0;
		};
		E518B197257AC79D0027B575 /* Sources */ = {
			isa = PBXSourcesBuildPhase;
			buildActionMask = 2147483647;
			files = (
				E518B1B1257BAB580027B575 /* HomeView.swift in Sources */,
				E518B1A2257AC79D0027B575 /* ContentView.swift in Sources */,
				E518B1A0257AC79D0027B575 /* NetflixApp.swift in Sources */,
			);
			runOnlyForDeploymentPostprocessing = 0;
		};
/* End PBXSourcesBuildPhase section */

/* Begin XCBuildConfiguration section */
		E518B1A5257AC79D0027B575 /* Debug */ = {
			isa = XCBuildConfiguration;
			buildSettings = {
				ALWAYS_SEARCH_USER_PATHS = NO;
				CLANG_ANALYZER_NONNULL = YES;
				CLANG_ANALYZER_NUMBER_OBJECT_CONVERSION = YES_AGGRESSIVE;
				CLANG_CXX_LANGUAGE_STANDARD = "gnu++14";
				CLANG_CXX_LIBRARY = "libc++";
				CLANG_ENABLE_MODULES = YES;
				CLANG_ENABLE_OBJC_ARC = YES;
				CLANG_ENABLE_OBJC_WEAK = YES;
				CLANG_WARN_BLOCK_CAPTURE_AUTORELEASING = YES;
				CLANG_WARN_BOOL_CONVERSION = YES;
				CLANG_WARN_COMMA = YES;
				CLANG_WARN_CONSTANT_CONVERSION = YES;
				CLANG_WARN_DEPRECATED_OBJC_IMPLEMENTATIONS = YES;
				CLANG_WARN_DIRECT_OBJC_ISA_USAGE = YES_ERROR;
				CLANG_WARN_DOCUMENTATION_COMMENTS = YES;
				CLANG_WARN_EMPTY_BODY = YES;
				CLANG_WARN_ENUM_CONVERSION = YES;
				CLANG_WARN_INFINITE_RECURSION = YES;
				CLANG_WARN_INT_CONVERSION = YES;
				CLANG_WARN_NON_LITERAL_NULL_CONVERSION = YES;
				CLANG_WARN_OBJC_IMPLICIT_RETAIN_SELF = YES;
				CLANG_WARN_OBJC_LITERAL_CONVERSION = YES;
				CLANG_WARN_OBJC_ROOT_CLASS = YES_ERROR;
				CLANG_WARN_QUOTED_INCLUDE_IN_FRAMEWORK_HEADER = YES;
				CLANG_WARN_RANGE_LOOP_ANALYSIS = YES;
				CLANG_WARN_STRICT_PROTOTYPES = YES;
				CLANG_WARN_SUSPICIOUS_MOVE = YES;
				CLANG_WARN_UNGUARDED_AVAILABILITY = YES_AGGRESSIVE;
				CLANG_WARN_UNREACHABLE_CODE = YES;
				CLANG_WARN__DUPLICATE_METHOD_MATCH = YES;
				COPY_PHASE_STRIP = NO;
				DEBUG_INFORMATION_FORMAT = dwarf;
				ENABLE_STRICT_OBJC_MSGSEND = YES;
				ENABLE_TESTABILITY = YES;
				GCC_C_LANGUAGE_STANDARD = gnu11;
				GCC_DYNAMIC_NO_PIC = NO;
				GCC_NO_COMMON_BLOCKS = YES;
				GCC_OPTIMIZATION_LEVEL = 0;
				GCC_PREPROCESSOR_DEFINITIONS = (
					"DEBUG=1",
					"$(inherited)",
				);
				GCC_WARN_64_TO_32_BIT_CONVERSION = YES;
				GCC_WARN_ABOUT_RETURN_TYPE = YES_ERROR;
				GCC_WARN_UNDECLARED_SELECTOR = YES;
				GCC_WARN_UNINITIALIZED_AUTOS = YES_AGGRESSIVE;
				GCC_WARN_UNUSED_FUNCTION = YES;
				GCC_WARN_UNUSED_VARIABLE = YES;
				IPHONEOS_DEPLOYMENT_TARGET = 14.0;
				MTL_ENABLE_DEBUG_INFO = INCLUDE_SOURCE;
				MTL_FAST_MATH = YES;
				ONLY_ACTIVE_ARCH = YES;
				SWIFT_ACTIVE_COMPILATION_CONDITIONS = DEBUG;
				SWIFT_OPTIMIZATION_LEVEL = "-Onone";
			};
			name = Debug;
		};
		E518B1A6257AC79D0027B575 /* Release */ = {
			isa = XCBuildConfiguration;
			buildSettings = {
				ALWAYS_SEARCH_USER_PATHS = NO;
				CLANG_ANALYZER_NONNULL = YES;
				CLANG_ANALYZER_NUMBER_OBJECT_CONVERSION = YES_AGGRESSIVE;
				CLANG_CXX_LANGUAGE_STANDARD = "gnu++14";
				CLANG_CXX_LIBRARY = "libc++";
				CLANG_ENABLE_MODULES = YES;
				CLANG_ENABLE_OBJC_ARC = YES;
				CLANG_ENABLE_OBJC_WEAK = YES;
				CLANG_WARN_BLOCK_CAPTURE_AUTORELEASING = YES;
				CLANG_WARN_BOOL_CONVERSION = YES;
				CLANG_WARN_COMMA = YES;
				CLANG_WARN_CONSTANT_CONVERSION = YES;
				CLANG_WARN_DEPRECATED_OBJC_IMPLEMENTATIONS = YES;
				CLANG_WARN_DIRECT_OBJC_ISA_USAGE = YES_ERROR;
				CLANG_WARN_DOCUMENTATION_COMMENTS = YES;
				CLANG_WARN_EMPTY_BODY = YES;
				CLANG_WARN_ENUM_CONVERSION = YES;
				CLANG_WARN_INFINITE_RECURSION = YES;
				CLANG_WARN_INT_CONVERSION = YES;
				CLANG_WARN_NON_LITERAL_NULL_CONVERSION = YES;
				CLANG_WARN_OBJC_IMPLICIT_RETAIN_SELF = YES;
				CLANG_WARN_OBJC_LITERAL_CONVERSION = YES;
				CLANG_WARN_OBJC_ROOT_CLASS = YES_ERROR;
				CLANG_WARN_QUOTED_INCLUDE_IN_FRAMEWORK_HEADER = YES;
				CLANG_WARN_RANGE_LOOP_ANALYSIS = YES;
				CLANG_WARN_STRICT_PROTOTYPES = YES;
				CLANG_WARN_SUSPICIOUS_MOVE = YES;
				CLANG_WARN_UNGUARDED_AVAILABILITY = YES_AGGRESSIVE;
				CLANG_WARN_UNREACHABLE_CODE = YES;
				CLANG_WARN__DUPLICATE_METHOD_MATCH = YES;
				COPY_PHASE_STRIP = NO;
				DEBUG_INFORMATION_FORMAT = "dwarf-with-dsym";
				ENABLE_NS_ASSERTIONS = NO;
				ENABLE_STRICT_OBJC_MSGSEND = YES;
				GCC_C_LANGUAGE_STANDARD = gnu11;
				GCC_NO_COMMON_BLOCKS = YES;
				GCC_WARN_64_TO_32_BIT_CONVERSION = YES;
				GCC_WARN_ABOUT_RETURN_TYPE = YES_ERROR;
				GCC_WARN_UNDECLARED_SELECTOR = YES;
				GCC_WARN_UNINITIALIZED_AUTOS = YES_AGGRESSIVE;
				GCC_WARN_UNUSED_FUNCTION = YES;
				GCC_WARN_UNUSED_VARIABLE = YES;
				IPHONEOS_DEPLOYMENT_TARGET = 14.0;
				MTL_ENABLE_DEBUG_INFO = NO;
				MTL_FAST_MATH = YES;
				SWIFT_COMPILATION_MODE = wholemodule;
				SWIFT_OPTIMIZATION_LEVEL = "-O";
			};
			name = Release;
		};
		E518B1A8257AC79D0027B575 /* Debug */ = {
			isa = XCBuildConfiguration;
			buildSettings = {
				ASSETCATALOG_COMPILER_APPICON_NAME = AppIcon;
				ASSETCATALOG_COMPILER_GLOBAL_ACCENT_COLOR_NAME = AccentColor;
				CODE_SIGN_STYLE = Automatic;
				DEVELOPMENT_TEAM = 37X27ACX7U;
				ENABLE_PREVIEWS = YES;
				INFOPLIST_FILE = iOS/Info.plist;
				IPHONEOS_DEPLOYMENT_TARGET = 14.0;
				LD_RUNPATH_SEARCH_PATHS = (
					"$(inherited)",
					"@executable_path/Frameworks",
				);
				PRODUCT_BUNDLE_IDENTIFIER = com.kotb.Netflix;
				PRODUCT_NAME = Netflix;
				SDKROOT = iphoneos;
				SWIFT_VERSION = 5.0;
				TARGETED_DEVICE_FAMILY = "1,2";
			};
			name = Debug;
		};
		E518B1A9257AC79D0027B575 /* Release */ = {
			isa = XCBuildConfiguration;
			buildSettings = {
				ASSETCATALOG_COMPILER_APPICON_NAME = AppIcon;
				ASSETCATALOG_COMPILER_GLOBAL_ACCENT_COLOR_NAME = AccentColor;
				CODE_SIGN_STYLE = Automatic;
				DEVELOPMENT_TEAM = 37X27ACX7U;
				ENABLE_PREVIEWS = YES;
				INFOPLIST_FILE = iOS/Info.plist;
				IPHONEOS_DEPLOYMENT_TARGET = 14.0;
				LD_RUNPATH_SEARCH_PATHS = (
					"$(inherited)",
					"@executable_path/Frameworks",
				);
				PRODUCT_BUNDLE_IDENTIFIER = com.kotb.Netflix;
				PRODUCT_NAME = Netflix;
				SDKROOT = iphoneos;
				SWIFT_VERSION = 5.0;
				TARGETED_DEVICE_FAMILY = "1,2";
				VALIDATE_PRODUCT = YES;
			};
			name = Release;
		};
		E518B1AB257AC79D0027B575 /* Debug */ = {
			isa = XCBuildConfiguration;
			buildSettings = {
				ASSETCATALOG_COMPILER_APPICON_NAME = AppIcon;
				ASSETCATALOG_COMPILER_GLOBAL_ACCENT_COLOR_NAME = AccentColor;
				CODE_SIGN_ENTITLEMENTS = macOS/macOS.entitlements;
				CODE_SIGN_IDENTITY = "-";
				CODE_SIGN_STYLE = Automatic;
				COMBINE_HIDPI_IMAGES = YES;
				DEVELOPMENT_TEAM = 37X27ACX7U;
				ENABLE_HARDENED_RUNTIME = YES;
				ENABLE_PREVIEWS = YES;
				INFOPLIST_FILE = macOS/Info.plist;
				LD_RUNPATH_SEARCH_PATHS = (
					"$(inherited)",
					"@executable_path/../Frameworks",
				);
				MACOSX_DEPLOYMENT_TARGET = 11.0;
				PRODUCT_BUNDLE_IDENTIFIER = com.kotb.Netflix;
				PRODUCT_NAME = Netflix;
				SDKROOT = macosx;
				SWIFT_VERSION = 5.0;
			};
			name = Debug;
		};
		E518B1AC257AC79D0027B575 /* Release */ = {
			isa = XCBuildConfiguration;
			buildSettings = {
				ASSETCATALOG_COMPILER_APPICON_NAME = AppIcon;
				ASSETCATALOG_COMPILER_GLOBAL_ACCENT_COLOR_NAME = AccentColor;
				CODE_SIGN_ENTITLEMENTS = macOS/macOS.entitlements;
				CODE_SIGN_IDENTITY = "-";
				CODE_SIGN_STYLE = Automatic;
				COMBINE_HIDPI_IMAGES = YES;
				DEVELOPMENT_TEAM = 37X27ACX7U;
				ENABLE_HARDENED_RUNTIME = YES;
				ENABLE_PREVIEWS = YES;
				INFOPLIST_FILE = macOS/Info.plist;
				LD_RUNPATH_SEARCH_PATHS = (
					"$(inherited)",
					"@executable_path/../Frameworks",
				);
				MACOSX_DEPLOYMENT_TARGET = 11.0;
				PRODUCT_BUNDLE_IDENTIFIER = com.kotb.Netflix;
				PRODUCT_NAME = Netflix;
				SDKROOT = macosx;
				SWIFT_VERSION = 5.0;
			};
			name = Release;
		};
/* End XCBuildConfiguration section */

/* Begin XCConfigurationList section */
		E518B18A257AC7980027B575 /* Build configuration list for PBXProject "Netflix" */ = {
			isa = XCConfigurationList;
			buildConfigurations = (
				E518B1A5257AC79D0027B575 /* Debug */,
				E518B1A6257AC79D0027B575 /* Release */,
			);
			defaultConfigurationIsVisible = 0;
			defaultConfigurationName = Release;
		};
		E518B1A7257AC79D0027B575 /* Build configuration list for PBXNativeTarget "Netflix (iOS)" */ = {
			isa = XCConfigurationList;
			buildConfigurations = (
				E518B1A8257AC79D0027B575 /* Debug */,
				E518B1A9257AC79D0027B575 /* Release */,
			);
			defaultConfigurationIsVisible = 0;
			defaultConfigurationName = Release;
		};
		E518B1AA257AC79D0027B575 /* Build configuration list for PBXNativeTarget "Netflix (macOS)" */ = {
			isa = XCConfigurationList;
			buildConfigurations = (
				E518B1AB257AC79D0027B575 /* Debug */,
				E518B1AC257AC79D0027B575 /* Release */,
			);
			defaultConfigurationIsVisible = 0;
			defaultConfigurationName = Release;
		};
/* End XCConfigurationList section */

/* Begin XCRemoteSwiftPackageReference section */
		E539EA71257BC8B80011B0E5 /* XCRemoteSwiftPackageReference "Kingfisher" */ = {
			isa = XCRemoteSwiftPackageReference;
			repositoryURL = "https://github.com/onevcat/Kingfisher";
			requirement = {
				kind = upToNextMajorVersion;
				minimumVersion = 5.15.8;
			};
		};
/* End XCRemoteSwiftPackageReference section */

/* Begin XCSwiftPackageProductDependency section */
		E539EA72257BC8B80011B0E5 /* KingfisherSwiftUI */ = {
			isa = XCSwiftPackageProductDependency;
			package = E539EA71257BC8B80011B0E5 /* XCRemoteSwiftPackageReference "Kingfisher" */;
			productName = KingfisherSwiftUI;
		};
/* End XCSwiftPackageProductDependency section */
	};
	rootObject = E518B187257AC7980027B575 /* Project object */;
}
